// !$*UTF8*$!
{
	archiveVersion = 1;
	classes = {
	};
	objectVersion = 56;
	objects = {

/* Begin PBXBuildFile section */
		21B4661D29335AD5003BE2A5 /* AppDelegate.swift in Sources */ = {isa = PBXBuildFile; fileRef = 21B4661C29335AD5003BE2A5 /* AppDelegate.swift */; };
		21B4661F29335AD5003BE2A5 /* SceneDelegate.swift in Sources */ = {isa = PBXBuildFile; fileRef = 21B4661E29335AD5003BE2A5 /* SceneDelegate.swift */; };
		21B4662429335AD5003BE2A5 /* Main.storyboard in Resources */ = {isa = PBXBuildFile; fileRef = 21B4662229335AD5003BE2A5 /* Main.storyboard */; };
		21B4662629335AD7003BE2A5 /* Assets.xcassets in Resources */ = {isa = PBXBuildFile; fileRef = 21B4662529335AD7003BE2A5 /* Assets.xcassets */; };
		21B4662929335AD7003BE2A5 /* LaunchScreen.storyboard in Resources */ = {isa = PBXBuildFile; fileRef = 21B4662729335AD7003BE2A5 /* LaunchScreen.storyboard */; };
		21B4663429335AD7003BE2A5 /* NotesTests.swift in Sources */ = {isa = PBXBuildFile; fileRef = 21B4663329335AD7003BE2A5 /* NotesTests.swift */; };
		21B4663E29335AD7003BE2A5 /* NotesUITests.swift in Sources */ = {isa = PBXBuildFile; fileRef = 21B4663D29335AD7003BE2A5 /* NotesUITests.swift */; };
		21B4664029335AD7003BE2A5 /* NotesUITestsLaunchTests.swift in Sources */ = {isa = PBXBuildFile; fileRef = 21B4663F29335AD7003BE2A5 /* NotesUITestsLaunchTests.swift */; };
		21B4664D29335B42003BE2A5 /* NoteViewController.swift in Sources */ = {isa = PBXBuildFile; fileRef = 21B4664C29335B42003BE2A5 /* NoteViewController.swift */; };
		21B4664F29335BC2003BE2A5 /* NotesViewController.swift in Sources */ = {isa = PBXBuildFile; fileRef = 21B4664E29335BC2003BE2A5 /* NotesViewController.swift */; };
		21B4665129336060003BE2A5 /* NotesManager.swift in Sources */ = {isa = PBXBuildFile; fileRef = 21B4665029336060003BE2A5 /* NotesManager.swift */; };
		21B4665329336076003BE2A5 /* Note.swift in Sources */ = {isa = PBXBuildFile; fileRef = 21B4665229336076003BE2A5 /* Note.swift */; };
		21C6A2572934A32E003FE313 /* ExtensionsCommon.swift in Sources */ = {isa = PBXBuildFile; fileRef = 21C6A2562934A32E003FE313 /* ExtensionsCommon.swift */; };
/* End PBXBuildFile section */

/* Begin PBXContainerItemProxy section */
		21B4663029335AD7003BE2A5 /* PBXContainerItemProxy */ = {
			isa = PBXContainerItemProxy;
			containerPortal = 21B4661129335AD5003BE2A5 /* Project object */;
			proxyType = 1;
			remoteGlobalIDString = 21B4661829335AD5003BE2A5;
			remoteInfo = Notes;
		};
		21B4663A29335AD7003BE2A5 /* PBXContainerItemProxy */ = {
			isa = PBXContainerItemProxy;
			containerPortal = 21B4661129335AD5003BE2A5 /* Project object */;
			proxyType = 1;
			remoteGlobalIDString = 21B4661829335AD5003BE2A5;
			remoteInfo = Notes;
		};
/* End PBXContainerItemProxy section */

/* Begin PBXFileReference section */
		21B4661929335AD5003BE2A5 /* Notes.app */ = {isa = PBXFileReference; explicitFileType = wrapper.application; includeInIndex = 0; path = Notes.app; sourceTree = BUILT_PRODUCTS_DIR; };
		21B4661C29335AD5003BE2A5 /* AppDelegate.swift */ = {isa = PBXFileReference; lastKnownFileType = sourcecode.swift; path = AppDelegate.swift; sourceTree = "<group>"; };
		21B4661E29335AD5003BE2A5 /* SceneDelegate.swift */ = {isa = PBXFileReference; lastKnownFileType = sourcecode.swift; path = SceneDelegate.swift; sourceTree = "<group>"; };
		21B4662329335AD5003BE2A5 /* Base */ = {isa = PBXFileReference; lastKnownFileType = file.storyboard; name = Base; path = Base.lproj/Main.storyboard; sourceTree = "<group>"; };
		21B4662529335AD7003BE2A5 /* Assets.xcassets */ = {isa = PBXFileReference; lastKnownFileType = folder.assetcatalog; path = Assets.xcassets; sourceTree = "<group>"; };
		21B4662829335AD7003BE2A5 /* Base */ = {isa = PBXFileReference; lastKnownFileType = file.storyboard; name = Base; path = Base.lproj/LaunchScreen.storyboard; sourceTree = "<group>"; };
		21B4662A29335AD7003BE2A5 /* Info.plist */ = {isa = PBXFileReference; lastKnownFileType = text.plist.xml; path = Info.plist; sourceTree = "<group>"; };
		21B4662F29335AD7003BE2A5 /* NotesTests.xctest */ = {isa = PBXFileReference; explicitFileType = wrapper.cfbundle; includeInIndex = 0; path = NotesTests.xctest; sourceTree = BUILT_PRODUCTS_DIR; };
		21B4663329335AD7003BE2A5 /* NotesTests.swift */ = {isa = PBXFileReference; lastKnownFileType = sourcecode.swift; path = NotesTests.swift; sourceTree = "<group>"; };
		21B4663929335AD7003BE2A5 /* NotesUITests.xctest */ = {isa = PBXFileReference; explicitFileType = wrapper.cfbundle; includeInIndex = 0; path = NotesUITests.xctest; sourceTree = BUILT_PRODUCTS_DIR; };
		21B4663D29335AD7003BE2A5 /* NotesUITests.swift */ = {isa = PBXFileReference; lastKnownFileType = sourcecode.swift; path = NotesUITests.swift; sourceTree = "<group>"; };
		21B4663F29335AD7003BE2A5 /* NotesUITestsLaunchTests.swift */ = {isa = PBXFileReference; lastKnownFileType = sourcecode.swift; path = NotesUITestsLaunchTests.swift; sourceTree = "<group>"; };
		21B4664C29335B42003BE2A5 /* NoteViewController.swift */ = {isa = PBXFileReference; lastKnownFileType = sourcecode.swift; path = NoteViewController.swift; sourceTree = "<group>"; };
		21B4664E29335BC2003BE2A5 /* NotesViewController.swift */ = {isa = PBXFileReference; lastKnownFileType = sourcecode.swift; path = NotesViewController.swift; sourceTree = "<group>"; };
		21B4665029336060003BE2A5 /* NotesManager.swift */ = {isa = PBXFileReference; lastKnownFileType = sourcecode.swift; path = NotesManager.swift; sourceTree = "<group>"; };
		21B4665229336076003BE2A5 /* Note.swift */ = {isa = PBXFileReference; lastKnownFileType = sourcecode.swift; path = Note.swift; sourceTree = "<group>"; };
		21C6A2562934A32E003FE313 /* ExtensionsCommon.swift */ = {isa = PBXFileReference; lastKnownFileType = sourcecode.swift; path = ExtensionsCommon.swift; sourceTree = "<group>"; };
/* End PBXFileReference section */

/* Begin PBXFrameworksBuildPhase section */
		21B4661629335AD5003BE2A5 /* Frameworks */ = {
			isa = PBXFrameworksBuildPhase;
			buildActionMask = 2147483647;
			files = (
			);
			runOnlyForDeploymentPostprocessing = 0;
		};
		21B4662C29335AD7003BE2A5 /* Frameworks */ = {
			isa = PBXFrameworksBuildPhase;
			buildActionMask = 2147483647;
			files = (
			);
			runOnlyForDeploymentPostprocessing = 0;
		};
		21B4663629335AD7003BE2A5 /* Frameworks */ = {
			isa = PBXFrameworksBuildPhase;
			buildActionMask = 2147483647;
			files = (
			);
			runOnlyForDeploymentPostprocessing = 0;
		};
/* End PBXFrameworksBuildPhase section */

/* Begin PBXGroup section */
		21B4661029335AD5003BE2A5 = {
			isa = PBXGroup;
			children = (
				21B4661B29335AD5003BE2A5 /* Notes */,
				21B4663229335AD7003BE2A5 /* NotesTests */,
				21B4663C29335AD7003BE2A5 /* NotesUITests */,
				21B4661A29335AD5003BE2A5 /* Products */,
			);
			sourceTree = "<group>";
		};
		21B4661A29335AD5003BE2A5 /* Products */ = {
			isa = PBXGroup;
			children = (
				21B4661929335AD5003BE2A5 /* Notes.app */,
				21B4662F29335AD7003BE2A5 /* NotesTests.xctest */,
				21B4663929335AD7003BE2A5 /* NotesUITests.xctest */,
			);
			name = Products;
			sourceTree = "<group>";
		};
		21B4661B29335AD5003BE2A5 /* Notes */ = {
			isa = PBXGroup;
			children = (
				21B4661C29335AD5003BE2A5 /* AppDelegate.swift */,
				21B4661E29335AD5003BE2A5 /* SceneDelegate.swift */,
				21B4664E29335BC2003BE2A5 /* NotesViewController.swift */,
				21B4664C29335B42003BE2A5 /* NoteViewController.swift */,
				21B4662229335AD5003BE2A5 /* Main.storyboard */,
				21B4662529335AD7003BE2A5 /* Assets.xcassets */,
				21B4662729335AD7003BE2A5 /* LaunchScreen.storyboard */,
				21B4665229336076003BE2A5 /* Note.swift */,
				21B4665029336060003BE2A5 /* NotesManager.swift */,
				21C6A2562934A32E003FE313 /* ExtensionsCommon.swift */,
				21B4662A29335AD7003BE2A5 /* Info.plist */,
			);
			path = Notes;
			sourceTree = "<group>";
		};
		21B4663229335AD7003BE2A5 /* NotesTests */ = {
			isa = PBXGroup;
			children = (
				21B4663329335AD7003BE2A5 /* NotesTests.swift */,
			);
			path = NotesTests;
			sourceTree = "<group>";
		};
		21B4663C29335AD7003BE2A5 /* NotesUITests */ = {
			isa = PBXGroup;
			children = (
				21B4663D29335AD7003BE2A5 /* NotesUITests.swift */,
				21B4663F29335AD7003BE2A5 /* NotesUITestsLaunchTests.swift */,
			);
			path = NotesUITests;
			sourceTree = "<group>";
		};
/* End PBXGroup section */

/* Begin PBXNativeTarget section */
		21B4661829335AD5003BE2A5 /* Notes */ = {
			isa = PBXNativeTarget;
			buildConfigurationList = 21B4664329335AD7003BE2A5 /* Build configuration list for PBXNativeTarget "Notes" */;
			buildPhases = (
				21B4661529335AD5003BE2A5 /* Sources */,
				21B4661629335AD5003BE2A5 /* Frameworks */,
				21B4661729335AD5003BE2A5 /* Resources */,
			);
			buildRules = (
			);
			dependencies = (
			);
			name = Notes;
			productName = Notes;
			productReference = 21B4661929335AD5003BE2A5 /* Notes.app */;
			productType = "com.apple.product-type.application";
		};
		21B4662E29335AD7003BE2A5 /* NotesTests */ = {
			isa = PBXNativeTarget;
			buildConfigurationList = 21B4664629335AD7003BE2A5 /* Build configuration list for PBXNativeTarget "NotesTests" */;
			buildPhases = (
				21B4662B29335AD7003BE2A5 /* Sources */,
				21B4662C29335AD7003BE2A5 /* Frameworks */,
				21B4662D29335AD7003BE2A5 /* Resources */,
			);
			buildRules = (
			);
			dependencies = (
				21B4663129335AD7003BE2A5 /* PBXTargetDependency */,
			);
			name = NotesTests;
			productName = NotesTests;
			productReference = 21B4662F29335AD7003BE2A5 /* NotesTests.xctest */;
			productType = "com.apple.product-type.bundle.unit-test";
		};
		21B4663829335AD7003BE2A5 /* NotesUITests */ = {
			isa = PBXNativeTarget;
			buildConfigurationList = 21B4664929335AD7003BE2A5 /* Build configuration list for PBXNativeTarget "NotesUITests" */;
			buildPhases = (
				21B4663529335AD7003BE2A5 /* Sources */,
				21B4663629335AD7003BE2A5 /* Frameworks */,
				21B4663729335AD7003BE2A5 /* Resources */,
			);
			buildRules = (
			);
			dependencies = (
				21B4663B29335AD7003BE2A5 /* PBXTargetDependency */,
			);
			name = NotesUITests;
			productName = NotesUITests;
			productReference = 21B4663929335AD7003BE2A5 /* NotesUITests.xctest */;
			productType = "com.apple.product-type.bundle.ui-testing";
		};
/* End PBXNativeTarget section */

/* Begin PBXProject section */
		21B4661129335AD5003BE2A5 /* Project object */ = {
			isa = PBXProject;
			attributes = {
				BuildIndependentTargetsInParallel = 1;
				LastSwiftUpdateCheck = 1410;
				LastUpgradeCheck = 1410;
				TargetAttributes = {
					21B4661829335AD5003BE2A5 = {
						CreatedOnToolsVersion = 14.1;
					};
					21B4662E29335AD7003BE2A5 = {
						CreatedOnToolsVersion = 14.1;
						TestTargetID = 21B4661829335AD5003BE2A5;
					};
					21B4663829335AD7003BE2A5 = {
						CreatedOnToolsVersion = 14.1;
						TestTargetID = 21B4661829335AD5003BE2A5;
					};
				};
			};
			buildConfigurationList = 21B4661429335AD5003BE2A5 /* Build configuration list for PBXProject "Notes" */;
			compatibilityVersion = "Xcode 14.0";
			developmentRegion = en;
			hasScannedForEncodings = 0;
			knownRegions = (
				en,
				Base,
			);
			mainGroup = 21B4661029335AD5003BE2A5;
			productRefGroup = 21B4661A29335AD5003BE2A5 /* Products */;
			projectDirPath = "";
			projectRoot = "";
			targets = (
				21B4661829335AD5003BE2A5 /* Notes */,
				21B4662E29335AD7003BE2A5 /* NotesTests */,
				21B4663829335AD7003BE2A5 /* NotesUITests */,
			);
		};
/* End PBXProject section */

/* Begin PBXResourcesBuildPhase section */
		21B4661729335AD5003BE2A5 /* Resources */ = {
			isa = PBXResourcesBuildPhase;
			buildActionMask = 2147483647;
			files = (
				21B4662929335AD7003BE2A5 /* LaunchScreen.storyboard in Resources */,
				21B4662629335AD7003BE2A5 /* Assets.xcassets in Resources */,
				21B4662429335AD5003BE2A5 /* Main.storyboard in Resources */,
			);
			runOnlyForDeploymentPostprocessing = 0;
		};
		21B4662D29335AD7003BE2A5 /* Resources */ = {
			isa = PBXResourcesBuildPhase;
			buildActionMask = 2147483647;
			files = (
			);
			runOnlyForDeploymentPostprocessing = 0;
		};
		21B4663729335AD7003BE2A5 /* Resources */ = {
			isa = PBXResourcesBuildPhase;
			buildActionMask = 2147483647;
			files = (
			);
			runOnlyForDeploymentPostprocessing = 0;
		};
/* End PBXResourcesBuildPhase section */

/* Begin PBXSourcesBuildPhase section */
		21B4661529335AD5003BE2A5 /* Sources */ = {
			isa = PBXSourcesBuildPhase;
			buildActionMask = 2147483647;
			files = (
				21B4664F29335BC2003BE2A5 /* NotesViewController.swift in Sources */,
				21B4664D29335B42003BE2A5 /* NoteViewController.swift in Sources */,
				21B4665129336060003BE2A5 /* NotesManager.swift in Sources */,
				21B4661D29335AD5003BE2A5 /* AppDelegate.swift in Sources */,
				21B4661F29335AD5003BE2A5 /* SceneDelegate.swift in Sources */,
				21B4665329336076003BE2A5 /* Note.swift in Sources */,
				21C6A2572934A32E003FE313 /* ExtensionsCommon.swift in Sources */,
			);
			runOnlyForDeploymentPostprocessing = 0;
		};
		21B4662B29335AD7003BE2A5 /* Sources */ = {
			isa = PBXSourcesBuildPhase;
			buildActionMask = 2147483647;
			files = (
				21B4663429335AD7003BE2A5 /* NotesTests.swift in Sources */,
			);
			runOnlyForDeploymentPostprocessing = 0;
		};
		21B4663529335AD7003BE2A5 /* Sources */ = {
			isa = PBXSourcesBuildPhase;
			buildActionMask = 2147483647;
			files = (
				21B4664029335AD7003BE2A5 /* NotesUITestsLaunchTests.swift in Sources */,
				21B4663E29335AD7003BE2A5 /* NotesUITests.swift in Sources */,
			);
			runOnlyForDeploymentPostprocessing = 0;
		};
/* End PBXSourcesBuildPhase section */

/* Begin PBXTargetDependency section */
		21B4663129335AD7003BE2A5 /* PBXTargetDependency */ = {
			isa = PBXTargetDependency;
			target = 21B4661829335AD5003BE2A5 /* Notes */;
			targetProxy = 21B4663029335AD7003BE2A5 /* PBXContainerItemProxy */;
		};
		21B4663B29335AD7003BE2A5 /* PBXTargetDependency */ = {
			isa = PBXTargetDependency;
			target = 21B4661829335AD5003BE2A5 /* Notes */;
			targetProxy = 21B4663A29335AD7003BE2A5 /* PBXContainerItemProxy */;
		};
/* End PBXTargetDependency section */

/* Begin PBXVariantGroup section */
		21B4662229335AD5003BE2A5 /* Main.storyboard */ = {
			isa = PBXVariantGroup;
			children = (
				21B4662329335AD5003BE2A5 /* Base */,
			);
			name = Main.storyboard;
			sourceTree = "<group>";
		};
		21B4662729335AD7003BE2A5 /* LaunchScreen.storyboard */ = {
			isa = PBXVariantGroup;
			children = (
				21B4662829335AD7003BE2A5 /* Base */,
			);
			name = LaunchScreen.storyboard;
			sourceTree = "<group>";
		};
/* End PBXVariantGroup section */

/* Begin XCBuildConfiguration section */
		21B4664129335AD7003BE2A5 /* Debug */ = {
			isa = XCBuildConfiguration;
			buildSettings = {
				ALWAYS_SEARCH_USER_PATHS = NO;
				CLANG_ANALYZER_NONNULL = YES;
				CLANG_ANALYZER_NUMBER_OBJECT_CONVERSION = YES_AGGRESSIVE;
				CLANG_CXX_LANGUAGE_STANDARD = "gnu++20";
				CLANG_ENABLE_MODULES = YES;
				CLANG_ENABLE_OBJC_ARC = YES;
				CLANG_ENABLE_OBJC_WEAK = YES;
				CLANG_WARN_BLOCK_CAPTURE_AUTORELEASING = YES;
				CLANG_WARN_BOOL_CONVERSION = YES;
				CLANG_WARN_COMMA = YES;
				CLANG_WARN_CONSTANT_CONVERSION = YES;
				CLANG_WARN_DEPRECATED_OBJC_IMPLEMENTATIONS = YES;
				CLANG_WARN_DIRECT_OBJC_ISA_USAGE = YES_ERROR;
				CLANG_WARN_DOCUMENTATION_COMMENTS = YES;
				CLANG_WARN_EMPTY_BODY = YES;
				CLANG_WARN_ENUM_CONVERSION = YES;
				CLANG_WARN_INFINITE_RECURSION = YES;
				CLANG_WARN_INT_CONVERSION = YES;
				CLANG_WARN_NON_LITERAL_NULL_CONVERSION = YES;
				CLANG_WARN_OBJC_IMPLICIT_RETAIN_SELF = YES;
				CLANG_WARN_OBJC_LITERAL_CONVERSION = YES;
				CLANG_WARN_OBJC_ROOT_CLASS = YES_ERROR;
				CLANG_WARN_QUOTED_INCLUDE_IN_FRAMEWORK_HEADER = YES;
				CLANG_WARN_RANGE_LOOP_ANALYSIS = YES;
				CLANG_WARN_STRICT_PROTOTYPES = YES;
				CLANG_WARN_SUSPICIOUS_MOVE = YES;
				CLANG_WARN_UNGUARDED_AVAILABILITY = YES_AGGRESSIVE;
				CLANG_WARN_UNREACHABLE_CODE = YES;
				CLANG_WARN__DUPLICATE_METHOD_MATCH = YES;
				COPY_PHASE_STRIP = NO;
				DEBUG_INFORMATION_FORMAT = dwarf;
				ENABLE_STRICT_OBJC_MSGSEND = YES;
				ENABLE_TESTABILITY = YES;
				GCC_C_LANGUAGE_STANDARD = gnu11;
				GCC_DYNAMIC_NO_PIC = NO;
				GCC_NO_COMMON_BLOCKS = YES;
				GCC_OPTIMIZATION_LEVEL = 0;
				GCC_PREPROCESSOR_DEFINITIONS = (
					"DEBUG=1",
					"$(inherited)",
				);
				GCC_WARN_64_TO_32_BIT_CONVERSION = YES;
				GCC_WARN_ABOUT_RETURN_TYPE = YES_ERROR;
				GCC_WARN_UNDECLARED_SELECTOR = YES;
				GCC_WARN_UNINITIALIZED_AUTOS = YES_AGGRESSIVE;
				GCC_WARN_UNUSED_FUNCTION = YES;
				GCC_WARN_UNUSED_VARIABLE = YES;
				IPHONEOS_DEPLOYMENT_TARGET = 16.1;
				MTL_ENABLE_DEBUG_INFO = INCLUDE_SOURCE;
				MTL_FAST_MATH = YES;
				ONLY_ACTIVE_ARCH = YES;
				SDKROOT = iphoneos;
				SWIFT_ACTIVE_COMPILATION_CONDITIONS = DEBUG;
				SWIFT_OPTIMIZATION_LEVEL = "-Onone";
			};
			name = Debug;
		};
		21B4664229335AD7003BE2A5 /* Release */ = {
			isa = XCBuildConfiguration;
			buildSettings = {
				ALWAYS_SEARCH_USER_PATHS = NO;
				CLANG_ANALYZER_NONNULL = YES;
				CLANG_ANALYZER_NUMBER_OBJECT_CONVERSION = YES_AGGRESSIVE;
				CLANG_CXX_LANGUAGE_STANDARD = "gnu++20";
				CLANG_ENABLE_MODULES = YES;
				CLANG_ENABLE_OBJC_ARC = YES;
				CLANG_ENABLE_OBJC_WEAK = YES;
				CLANG_WARN_BLOCK_CAPTURE_AUTORELEASING = YES;
				CLANG_WARN_BOOL_CONVERSION = YES;
				CLANG_WARN_COMMA = YES;
				CLANG_WARN_CONSTANT_CONVERSION = YES;
				CLANG_WARN_DEPRECATED_OBJC_IMPLEMENTATIONS = YES;
				CLANG_WARN_DIRECT_OBJC_ISA_USAGE = YES_ERROR;
				CLANG_WARN_DOCUMENTATION_COMMENTS = YES;
				CLANG_WARN_EMPTY_BODY = YES;
				CLANG_WARN_ENUM_CONVERSION = YES;
				CLANG_WARN_INFINITE_RECURSION = YES;
				CLANG_WARN_INT_CONVERSION = YES;
				CLANG_WARN_NON_LITERAL_NULL_CONVERSION = YES;
				CLANG_WARN_OBJC_IMPLICIT_RETAIN_SELF = YES;
				CLANG_WARN_OBJC_LITERAL_CONVERSION = YES;
				CLANG_WARN_OBJC_ROOT_CLASS = YES_ERROR;
				CLANG_WARN_QUOTED_INCLUDE_IN_FRAMEWORK_HEADER = YES;
				CLANG_WARN_RANGE_LOOP_ANALYSIS = YES;
				CLANG_WARN_STRICT_PROTOTYPES = YES;
				CLANG_WARN_SUSPICIOUS_MOVE = YES;
				CLANG_WARN_UNGUARDED_AVAILABILITY = YES_AGGRESSIVE;
				CLANG_WARN_UNREACHABLE_CODE = YES;
				CLANG_WARN__DUPLICATE_METHOD_MATCH = YES;
				COPY_PHASE_STRIP = NO;
				DEBUG_INFORMATION_FORMAT = "dwarf-with-dsym";
				ENABLE_NS_ASSERTIONS = NO;
				ENABLE_STRICT_OBJC_MSGSEND = YES;
				GCC_C_LANGUAGE_STANDARD = gnu11;
				GCC_NO_COMMON_BLOCKS = YES;
				GCC_WARN_64_TO_32_BIT_CONVERSION = YES;
				GCC_WARN_ABOUT_RETURN_TYPE = YES_ERROR;
				GCC_WARN_UNDECLARED_SELECTOR = YES;
				GCC_WARN_UNINITIALIZED_AUTOS = YES_AGGRESSIVE;
				GCC_WARN_UNUSED_FUNCTION = YES;
				GCC_WARN_UNUSED_VARIABLE = YES;
				IPHONEOS_DEPLOYMENT_TARGET = 16.1;
				MTL_ENABLE_DEBUG_INFO = NO;
				MTL_FAST_MATH = YES;
				SDKROOT = iphoneos;
				SWIFT_COMPILATION_MODE = wholemodule;
				SWIFT_OPTIMIZATION_LEVEL = "-O";
				VALIDATE_PRODUCT = YES;
			};
			name = Release;
		};
		21B4664429335AD7003BE2A5 /* Debug */ = {
			isa = XCBuildConfiguration;
			buildSettings = {
				ASSETCATALOG_COMPILER_APPICON_NAME = AppIcon;
				ASSETCATALOG_COMPILER_GLOBAL_ACCENT_COLOR_NAME = AccentColor;
				CODE_SIGN_STYLE = Automatic;
				CURRENT_PROJECT_VERSION = 1;
				GENERATE_INFOPLIST_FILE = YES;
				INFOPLIST_FILE = Notes/Info.plist;
				INFOPLIST_KEY_UIApplicationSupportsIndirectInputEvents = YES;
				INFOPLIST_KEY_UILaunchStoryboardName = LaunchScreen;
				INFOPLIST_KEY_UIMainStoryboardFile = Main;
				INFOPLIST_KEY_UISupportedInterfaceOrientations_iPad = "UIInterfaceOrientationPortrait UIInterfaceOrientationPortraitUpsideDown UIInterfaceOrientationLandscapeLeft UIInterfaceOrientationLandscapeRight";
				INFOPLIST_KEY_UISupportedInterfaceOrientations_iPhone = "UIInterfaceOrientationPortrait UIInterfaceOrientationLandscapeLeft UIInterfaceOrientationLandscapeRight";
				LD_RUNPATH_SEARCH_PATHS = (
					"$(inherited)",
					"@executable_path/Frameworks",
				);
				MARKETING_VERSION = 1.0;
				PRODUCT_BUNDLE_IDENTIFIER = io.github.hastov.Notes;
				PRODUCT_NAME = "$(TARGET_NAME)";
				SWIFT_EMIT_LOC_STRINGS = YES;
				SWIFT_VERSION = 5.0;
				TARGETED_DEVICE_FAMILY = "1,2";
			};
			name = Debug;
		};
		21B4664529335AD7003BE2A5 /* Release */ = {
			isa = XCBuildConfiguration;
			buildSettings = {
				ASSETCATALOG_COMPILER_APPICON_NAME = AppIcon;
				ASSETCATALOG_COMPILER_GLOBAL_ACCENT_COLOR_NAME = AccentColor;
				CODE_SIGN_STYLE = Automatic;
				CURRENT_PROJECT_VERSION = 1;
				GENERATE_INFOPLIST_FILE = YES;
				INFOPLIST_FILE = Notes/Info.plist;
				INFOPLIST_KEY_UIApplicationSupportsIndirectInputEvents = YES;
				INFOPLIST_KEY_UILaunchStoryboardName = LaunchScreen;
				INFOPLIST_KEY_UIMainStoryboardFile = Main;
				INFOPLIST_KEY_UISupportedInterfaceOrientations_iPad = "UIInterfaceOrientationPortrait UIInterfaceOrientationPortraitUpsideDown UIInterfaceOrientationLandscapeLeft UIInterfaceOrientationLandscapeRight";
				INFOPLIST_KEY_UISupportedInterfaceOrientations_iPhone = "UIInterfaceOrientationPortrait UIInterfaceOrientationLandscapeLeft UIInterfaceOrientationLandscapeRight";
				LD_RUNPATH_SEARCH_PATHS = (
					"$(inherited)",
					"@executable_path/Frameworks",
				);
				MARKETING_VERSION = 1.0;
				PRODUCT_BUNDLE_IDENTIFIER = io.github.hastov.Notes;
				PRODUCT_NAME = "$(TARGET_NAME)";
				SWIFT_EMIT_LOC_STRINGS = YES;
				SWIFT_VERSION = 5.0;
				TARGETED_DEVICE_FAMILY = "1,2";
			};
			name = Release;
		};
		21B4664729335AD7003BE2A5 /* Debug */ = {
			isa = XCBuildConfiguration;
			buildSettings = {
				ALWAYS_EMBED_SWIFT_STANDARD_LIBRARIES = YES;
				BUNDLE_LOADER = "$(TEST_HOST)";
				CODE_SIGN_STYLE = Automatic;
				CURRENT_PROJECT_VERSION = 1;
				GENERATE_INFOPLIST_FILE = YES;
				IPHONEOS_DEPLOYMENT_TARGET = 16.1;
				MARKETING_VERSION = 1.0;
				PRODUCT_BUNDLE_IDENTIFIER = io.github.hastov.NotesTests;
				PRODUCT_NAME = "$(TARGET_NAME)";
				SWIFT_EMIT_LOC_STRINGS = NO;
				SWIFT_VERSION = 5.0;
				TARGETED_DEVICE_FAMILY = "1,2";
				TEST_HOST = "$(BUILT_PRODUCTS_DIR)/Notes.app/$(BUNDLE_EXECUTABLE_FOLDER_PATH)/Notes";
			};
			name = Debug;
		};
		21B4664829335AD7003BE2A5 /* Release */ = {
			isa = XCBuildConfiguration;
			buildSettings = {
				ALWAYS_EMBED_SWIFT_STANDARD_LIBRARIES = YES;
				BUNDLE_LOADER = "$(TEST_HOST)";
				CODE_SIGN_STYLE = Automatic;
				CURRENT_PROJECT_VERSION = 1;
				GENERATE_INFOPLIST_FILE = YES;
				IPHONEOS_DEPLOYMENT_TARGET = 16.1;
				MARKETING_VERSION = 1.0;
				PRODUCT_BUNDLE_IDENTIFIER = io.github.hastov.NotesTests;
				PRODUCT_NAME = "$(TARGET_NAME)";
				SWIFT_EMIT_LOC_STRINGS = NO;
				SWIFT_VERSION = 5.0;
				TARGETED_DEVICE_FAMILY = "1,2";
				TEST_HOST = "$(BUILT_PRODUCTS_DIR)/Notes.app/$(BUNDLE_EXECUTABLE_FOLDER_PATH)/Notes";
			};
			name = Release;
		};
		21B4664A29335AD7003BE2A5 /* Debug */ = {
			isa = XCBuildConfiguration;
			buildSettings = {
				ALWAYS_EMBED_SWIFT_STANDARD_LIBRARIES = YES;
				CODE_SIGN_STYLE = Automatic;
				CURRENT_PROJECT_VERSION = 1;
				GENERATE_INFOPLIST_FILE = YES;
				MARKETING_VERSION = 1.0;
				PRODUCT_BUNDLE_IDENTIFIER = io.github.hastov.NotesUITests;
				PRODUCT_NAME = "$(TARGET_NAME)";
				SWIFT_EMIT_LOC_STRINGS = NO;
				SWIFT_VERSION = 5.0;
				TARGETED_DEVICE_FAMILY = "1,2";
				TEST_TARGET_NAME = Notes;
			};
			name = Debug;
		};
		21B4664B29335AD7003BE2A5 /* Release */ = {
			isa = XCBuildConfiguration;
			buildSettings = {
				ALWAYS_EMBED_SWIFT_STANDARD_LIBRARIES = YES;
				CODE_SIGN_STYLE = Automatic;
				CURRENT_PROJECT_VERSION = 1;
				GENERATE_INFOPLIST_FILE = YES;
				MARKETING_VERSION = 1.0;
				PRODUCT_BUNDLE_IDENTIFIER = io.github.hastov.NotesUITests;
				PRODUCT_NAME = "$(TARGET_NAME)";
				SWIFT_EMIT_LOC_STRINGS = NO;
				SWIFT_VERSION = 5.0;
				TARGETED_DEVICE_FAMILY = "1,2";
				TEST_TARGET_NAME = Notes;
			};
			name = Release;
		};
/* End XCBuildConfiguration section */

/* Begin XCConfigurationList section */
		21B4661429335AD5003BE2A5 /* Build configuration list for PBXProject "Notes" */ = {
			isa = XCConfigurationList;
			buildConfigurations = (
				21B4664129335AD7003BE2A5 /* Debug */,
				21B4664229335AD7003BE2A5 /* Release */,
			);
			defaultConfigurationIsVisible = 0;
			defaultConfigurationName = Release;
		};
		21B4664329335AD7003BE2A5 /* Build configuration list for PBXNativeTarget "Notes" */ = {
			isa = XCConfigurationList;
			buildConfigurations = (
				21B4664429335AD7003BE2A5 /* Debug */,
				21B4664529335AD7003BE2A5 /* Release */,
			);
			defaultConfigurationIsVisible = 0;
			defaultConfigurationName = Release;
		};
		21B4664629335AD7003BE2A5 /* Build configuration list for PBXNativeTarget "NotesTests" */ = {
			isa = XCConfigurationList;
			buildConfigurations = (
				21B4664729335AD7003BE2A5 /* Debug */,
				21B4664829335AD7003BE2A5 /* Release */,
			);
			defaultConfigurationIsVisible = 0;
			defaultConfigurationName = Release;
		};
		21B4664929335AD7003BE2A5 /* Build configuration list for PBXNativeTarget "NotesUITests" */ = {
			isa = XCConfigurationList;
			buildConfigurations = (
				21B4664A29335AD7003BE2A5 /* Debug */,
				21B4664B29335AD7003BE2A5 /* Release */,
			);
			defaultConfigurationIsVisible = 0;
			defaultConfigurationName = Release;
		};
/* End XCConfigurationList section */
	};
	rootObject = 21B4661129335AD5003BE2A5 /* Project object */;
}
